
Microsoft Visual Studio Solution File, Format Version 12.00
# Visual Studio Version 17
VisualStudioVersion = 17.9.34607.119
MinimumVisualStudioVersion = 10.0.40219.1
Project("{FAE04EC0-301F-11D3-BF4B-00C04F79EFBC}") = "calculator_footprint", "calculator_footprint.csproj", "{EF991ECE-AB51-4C86-AE04-6B83F9C30690}"
EndProject
Global
	GlobalSection(SolutionConfigurationPlatforms) = preSolution
		Debug|Any CPU = Debug|Any CPU
		Release|Any CPU = Release|Any CPU
	EndGlobalSection
	GlobalSection(ProjectConfigurationPlatforms) = postSolution
		{EF991ECE-AB51-4C86-AE04-6B83F9C30690}.Debug|Any CPU.ActiveCfg = Debug|Any CPU
		{EF991ECE-AB51-4C86-AE04-6B83F9C30690}.Debug|Any CPU.Build.0 = Debug|Any CPU
		{EF991ECE-AB51-4C86-AE04-6B83F9C30690}.Release|Any CPU.ActiveCfg = Release|Any CPU
		{EF991ECE-AB51-4C86-AE04-6B83F9C30690}.Release|Any CPU.Build.0 = Release|Any CPU
	EndGlobalSection
	GlobalSection(SolutionProperties) = preSolution
		HideSolutionNode = FALSE
	EndGlobalSection
	GlobalSection(ExtensibilityGlobals) = postSolution
		SolutionGuid = {84AD216F-22C1-467B-9EA3-F240C3A3D295}
	EndGlobalSection
EndGlobal
